{
  "name": "jean-flight-indicator",
  "version": "1.2.0",
  "lockfileVersion": 1,
  "requires": true,
  "dependencies": {
    "bootstrap": {
      "version": "4.2.1",
      "resolved": "https://registry.npmjs.org/bootstrap/-/bootstrap-4.2.1.tgz",
      "integrity": "sha512-tt/7vIv3Gm2mnd/WeDx36nfGGHleil0Wg8IeB7eMrVkY0fZ5iTaBisSh8oNANc2IBsCc6vCgCNTIM/IEN0+50Q==",
      "dev": true
    },
    "jean-amd": {
      "version": "1.0.3",
      "resolved": "https://registry.npmjs.org/jean-amd/-/jean-amd-1.0.3.tgz",
      "integrity": "sha1-Z6U5SnMNkMgSI25Lv2EzqC3qU9w="
    },
    "jean-control": {
      "version": "1.0.2",
      "resolved": "https://registry.npmjs.org/jean-control/-/jean-control-1.0.2.tgz",
      "integrity": "sha1-tUNltQTKXFRFd7lbX7YIcy0DTYw=",
      "dev": true,
      "requires": {
        "jean-amd": "1.0.2",
        "jean-type-check": "1.0.2",
        "jquery": "3.2.1"
      },
      "dependencies": {
        "jean-amd": {
          "version": "1.0.2",
          "resolved": "https://registry.npmjs.org/jean-amd/-/jean-amd-1.0.2.tgz",
          "integrity": "sha1-kFAPZgO1exyj6ejV4y2ZG5uorBk=",
          "dev": true
        },
        "jean-type-check": {
          "version": "1.0.2",
          "resolved": "https://registry.npmjs.org/jean-type-check/-/jean-type-check-1.0.2.tgz",
          "integrity": "sha1-O6ROFMt9gMO4BSrnI2f+yGrpkiM=",
          "dev": true,
          "requires": {
            "jean-amd": "1.0.1"
          },
          "dependencies": {
            "jean-amd": {
              "version": "1.0.1",
              "resolved": "https://registry.npmjs.org/jean-amd/-/jean-amd-1.0.1.tgz",
              "integrity": "sha1-gWfKjpd+SBBFWve7Pq9R+dJgmzw=",
              "dev": true
            }
          }
        },
        "jquery": {
          "version": "3.2.1",
          "resolved": "https://registry.npmjs.org/jquery/-/jquery-3.2.1.tgz",
          "integrity": "sha1-XE2d5lKvbNCncBVKYxu6ErAVx4c=",
          "dev": true
        }
      }
    },
    "jean-failure": {
      "version": "1.0.1",
      "resolved": "https://registry.npmjs.org/jean-failure/-/jean-failure-1.0.1.tgz",
      "integrity": "sha1-grhDl81e5zqy4OLXoO34erNYTDM=",
      "requires": {
        "jean-amd": "1.0.1"
      },
      "dependencies": {
        "jean-amd": {
          "version": "1.0.1",
          "resolved": "https://registry.npmjs.org/jean-amd/-/jean-amd-1.0.1.tgz",
          "integrity": "sha1-gWfKjpd+SBBFWve7Pq9R+dJgmzw="
        }
      }
    },
    "jean-inheritance": {
      "version": "1.0.4",
      "resolved": "https://registry.npmjs.org/jean-inheritance/-/jean-inheritance-1.0.4.tgz",
      "integrity": "sha1-SCwTxlb1E7tiMDVjCS8m3QV0ZRE=",
      "requires": {
        "jean-amd": "1.0.1",
        "jean-type-check": "1.0.2"
      },
      "dependencies": {
        "jean-amd": {
          "version": "1.0.1",
          "resolved": "https://registry.npmjs.org/jean-amd/-/jean-amd-1.0.1.tgz",
          "integrity": "sha1-gWfKjpd+SBBFWve7Pq9R+dJgmzw="
        },
        "jean-type-check": {
          "version": "1.0.2",
          "resolved": "https://registry.npmjs.org/jean-type-check/-/jean-type-check-1.0.2.tgz",
          "integrity": "sha1-O6ROFMt9gMO4BSrnI2f+yGrpkiM=",
          "requires": {
            "jean-amd": "1.0.1"
          }
        }
      }
    },
    "jean-interface": {
      "version": "1.1.0",
      "resolved": "https://registry.npmjs.org/jean-interface/-/jean-interface-1.1.0.tgz",
      "integrity": "sha512-5E99QVsiq8vCTXw8a0XyM6MhKbSO3AtdY+ayUv9UBmHP/zACson5XusgUDh1CmS0h8HhM32BztrD21sxY4en2Q==",
      "requires": {
        "jean-amd": "1.0.1",
        "jean-failure": "^1.0.0",
        "jean-type-check": "1.0.2"
      },
      "dependencies": {
        "jean-amd": {
          "version": "1.0.1",
          "resolved": "https://registry.npmjs.org/jean-amd/-/jean-amd-1.0.1.tgz",
          "integrity": "sha1-gWfKjpd+SBBFWve7Pq9R+dJgmzw="
        },
        "jean-type-check": {
          "version": "1.0.2",
          "resolved": "https://registry.npmjs.org/jean-type-check/-/jean-type-check-1.0.2.tgz",
          "integrity": "sha1-O6ROFMt9gMO4BSrnI2f+yGrpkiM=",
          "requires": {
            "jean-amd": "1.0.1"
          }
        }
      }
    },
    "jean-navbar": {
      "version": "1.0.4",
      "resolved": "https://registry.npmjs.org/jean-navbar/-/jean-navbar-1.0.4.tgz",
      "integrity": "sha512-8LotSk+LpnLO45LWOn6miqcSlveTuQlL2TMB1ExTDcvAheHmTM7wKkfWB/28dgKNNvfMaRMZuZgwiCxWZuvkQw==",
      "dev": true,
      "requires": {
        "jean-amd": "1.0.2",
        "jean-control": "^1.0.0",
        "jean-inheritance": "1.0.1",
        "jean-type-check": "1.0.2",
        "jquery": "^3.2.1"
      },
      "dependencies": {
        "jean-amd": {
          "version": "1.0.2",
          "resolved": "https://registry.npmjs.org/jean-amd/-/jean-amd-1.0.2.tgz",
          "integrity": "sha1-kFAPZgO1exyj6ejV4y2ZG5uorBk=",
          "dev": true
        },
        "jean-inheritance": {
          "version": "1.0.1",
          "resolved": "https://registry.npmjs.org/jean-inheritance/-/jean-inheritance-1.0.1.tgz",
          "integrity": "sha1-/u5nK3W6anpn0Ht318SLczzBf6c=",
          "dev": true,
          "requires": {
            "jean-amd": "1.0.1",
            "jean-type-check": "0.0.6"
          },
          "dependencies": {
            "jean-amd": {
              "version": "1.0.1",
              "resolved": "https://registry.npmjs.org/jean-amd/-/jean-amd-1.0.1.tgz",
              "integrity": "sha1-gWfKjpd+SBBFWve7Pq9R+dJgmzw=",
              "dev": true
            },
            "jean-type-check": {
              "version": "0.0.6",
              "resolved": "https://registry.npmjs.org/jean-type-check/-/jean-type-check-0.0.6.tgz",
              "integrity": "sha1-7oQDntAw0b3jI9v3CCiWT2UurwQ=",
              "dev": true,
              "requires": {
                "jean-amd": "0.0.5"
              },
              "dependencies": {
                "jean-amd": {
                  "version": "0.0.5",
                  "resolved": "https://registry.npmjs.org/jean-amd/-/jean-amd-0.0.5.tgz",
                  "integrity": "sha1-SHdei8waPC/9RXgtQUaIiwlCybA=",
                  "dev": true
                }
              }
            }
          }
        },
        "jean-type-check": {
          "version": "1.0.2",
          "resolved": "https://registry.npmjs.org/jean-type-check/-/jean-type-check-1.0.2.tgz",
          "integrity": "sha1-O6ROFMt9gMO4BSrnI2f+yGrpkiM=",
          "dev": true,
          "requires": {
            "jean-amd": "1.0.1"
          },
          "dependencies": {
            "jean-amd": {
              "version": "1.0.1",
              "resolved": "https://registry.npmjs.org/jean-amd/-/jean-amd-1.0.1.tgz",
              "integrity": "sha1-gWfKjpd+SBBFWve7Pq9R+dJgmzw=",
              "dev": true
            }
          }
        }
      }
    },
    "jean-type-check": {
      "version": "1.5.2",
      "resolved": "https://registry.npmjs.org/jean-type-check/-/jean-type-check-1.5.2.tgz",
      "integrity": "sha512-Lu9Iy8uf4LgIgm67Z+a+nGWjuyGPRB0eN64QK8KkmfJyOWUlf22JQLFlsB7MxDoYdczCn9a/tIEqJ3bMKjUpEA==",
      "requires": {
        "jean-amd": "1.0.1",
        "jean-failure": "^1.0.1"
      },
      "dependencies": {
        "jean-amd": {
          "version": "1.0.1",
          "resolved": "https://registry.npmjs.org/jean-amd/-/jean-amd-1.0.1.tgz",
          "integrity": "sha1-gWfKjpd+SBBFWve7Pq9R+dJgmzw="
        }
      }
    },
    "jquery": {
      "version": "3.3.1",
      "resolved": "https://registry.npmjs.org/jquery/-/jquery-3.3.1.tgz",
      "integrity": "sha512-Ubldcmxp5np52/ENotGxlLe6aGMvmF4R8S6tZjsP6Knsaxd/xp3Zrh50cG93lR6nPXyUFwzN3ZSOQI0wRJNdGg==",
      "dev": true
    },
    "requirejs": {
      "version": "2.3.6",
      "resolved": "https://registry.npmjs.org/requirejs/-/requirejs-2.3.6.tgz",
      "integrity": "sha512-ipEzlWQe6RK3jkzikgCupiTbTvm4S0/CAU5GlgptkN5SO6F3u0UD0K18wy6ErDqiCyP4J4YYe1HuAShvsxePLg==",
      "dev": true
    },
    "text": {
      "version": "github:requirejs/text#d04de4ffd7bf5ba6cb80cdca2d40d4f6f52a1b1f",
      "from": "github:requirejs/text",
      "dev": true
    }
  }
}
